
Microsoft Visual Studio Solution File, Format Version 12.00
# Visual Studio Version 17
VisualStudioVersion = 17.9.34622.214
MinimumVisualStudioVersion = 10.0.40219.1
Project("{9A19103F-16F7-4668-BE54-9A1E7A4F7556}") = "Tayvey.Tools", "Tayvey.Tools\Tayvey.Tools.csproj", "{6713074F-00C0-48B8-B652-89A958ED813D}"
EndProject
Global
	GlobalSection(SolutionConfigurationPlatforms) = preSolution
		Debug|Any CPU = Debug|Any CPU
		Release|Any CPU = Release|Any CPU
	EndGlobalSection
	GlobalSection(ProjectConfigurationPlatforms) = postSolution
		{6713074F-00C0-48B8-B652-89A958ED813D}.Debug|Any CPU.ActiveCfg = Debug|Any CPU
		{6713074F-00C0-48B8-B652-89A958ED813D}.Debug|Any CPU.Build.0 = Debug|Any CPU
		{6713074F-00C0-48B8-B652-89A958ED813D}.Release|Any CPU.ActiveCfg = Release|Any CPU
		{6713074F-00C0-48B8-B652-89A958ED813D}.Release|Any CPU.Build.0 = Release|Any CPU
	EndGlobalSection
	GlobalSection(SolutionProperties) = preSolution
		HideSolutionNode = FALSE
	EndGlobalSection
	GlobalSection(ExtensibilityGlobals) = postSolution
		SolutionGuid = {2E0BD0DB-4D38-4857-AE3C-43DF910FA2E0}
	EndGlobalSection
EndGlobal
